// !$*UTF8*$!
{
	archiveVersion = 1;
	classes = {
	};
	objectVersion = 50;
	objects = {

/* Begin PBXBuildFile section */
		AF62377A2399114A008C76BA /* chemokines3D.cpp in Sources */ = {isa = PBXBuildFile; fileRef = AF62375623991149008C76BA /* chemokines3D.cpp */; };
		AF62377B2399114A008C76BA /* lattice.cpp in Sources */ = {isa = PBXBuildFile; fileRef = AF62375723991149008C76BA /* lattice.cpp */; };
		AF62377C2399114A008C76BA /* GC3D.cpp in Sources */ = {isa = PBXBuildFile; fileRef = AF62375823991149008C76BA /* GC3D.cpp */; };
		AF62377D2399114A008C76BA /* vector3d.cpp in Sources */ = {isa = PBXBuildFile; fileRef = AF62375D23991149008C76BA /* vector3d.cpp */; };
		AF62377E2399114A008C76BA /* bcr.cpp in Sources */ = {isa = PBXBuildFile; fileRef = AF62375E23991149008C76BA /* bcr.cpp */; };
		AF62377F2399114A008C76BA /* trackball.cpp in Sources */ = {isa = PBXBuildFile; fileRef = AF62375F23991149008C76BA /* trackball.cpp */; };
		AF6237802399114A008C76BA /* output.cpp in Sources */ = {isa = PBXBuildFile; fileRef = AF62376123991149008C76BA /* output.cpp */; };
		AF6237812399114A008C76BA /* network.cpp in Sources */ = {isa = PBXBuildFile; fileRef = AF62376223991149008C76BA /* network.cpp */; };
		AF6237822399114A008C76BA /* events.cpp in Sources */ = {isa = PBXBuildFile; fileRef = AF62376423991149008C76BA /* events.cpp */; };
		AF6237832399114A008C76BA /* parameters.cpp in Sources */ = {isa = PBXBuildFile; fileRef = AF62376523991149008C76BA /* parameters.cpp */; };
		AF6237852399114A008C76BA /* mafalda.cpp in Sources */ = {isa = PBXBuildFile; fileRef = AF62376923991149008C76BA /* mafalda.cpp */; };
		AF6237862399114A008C76BA /* random.cpp in Sources */ = {isa = PBXBuildFile; fileRef = AF62376C23991149008C76BA /* random.cpp */; };
		AF6237872399114A008C76BA /* setparam.cpp in Sources */ = {isa = PBXBuildFile; fileRef = AF62376F23991149008C76BA /* setparam.cpp */; };
		AF6237882399114A008C76BA /* odesolver.cpp in Sources */ = {isa = PBXBuildFile; fileRef = AF6237722399114A008C76BA /* odesolver.cpp */; };
		AF6237892399114A008C76BA /* cell.cpp in Sources */ = {isa = PBXBuildFile; fileRef = AF6237732399114A008C76BA /* cell.cpp */; };
		AF62378A2399114A008C76BA /* main.cpp in Sources */ = {isa = PBXBuildFile; fileRef = AF6237792399114A008C76BA /* main.cpp */; };
/* End PBXBuildFile section */

/* Begin PBXCopyFilesBuildPhase section */
		AF62374A239910CF008C76BA /* CopyFiles */ = {
			isa = PBXCopyFilesBuildPhase;
			buildActionMask = 2147483647;
			dstPath = /usr/share/man/man1/;
			dstSubfolderSpec = 0;
			files = (
			);
			runOnlyForDeploymentPostprocessing = 1;
		};
/* End PBXCopyFilesBuildPhase section */

/* Begin PBXFileReference section */
		AF62374C239910CF008C76BA /* Mafalda_new */ = {isa = PBXFileReference; explicitFileType = "compiled.mach-o.executable"; includeInIndex = 0; path = Mafalda_new; sourceTree = BUILT_PRODUCTS_DIR; };
		AF62375623991149008C76BA /* chemokines3D.cpp */ = {isa = PBXFileReference; fileEncoding = 4; lastKnownFileType = sourcecode.cpp.cpp; path = chemokines3D.cpp; sourceTree = "<group>"; };
		AF62375723991149008C76BA /* lattice.cpp */ = {isa = PBXFileReference; fileEncoding = 4; lastKnownFileType = sourcecode.cpp.cpp; path = lattice.cpp; sourceTree = "<group>"; };
		AF62375823991149008C76BA /* GC3D.cpp */ = {isa = PBXFileReference; fileEncoding = 4; lastKnownFileType = sourcecode.cpp.cpp; path = GC3D.cpp; sourceTree = "<group>"; };
		AF62375923991149008C76BA /* lattice.h */ = {isa = PBXFileReference; fileEncoding = 4; lastKnownFileType = sourcecode.c.h; path = lattice.h; sourceTree = "<group>"; };
		AF62375A23991149008C76BA /* random.h */ = {isa = PBXFileReference; fileEncoding = 4; lastKnownFileType = sourcecode.c.h; path = random.h; sourceTree = "<group>"; };
		AF62375B23991149008C76BA /* GC3D.h */ = {isa = PBXFileReference; fileEncoding = 4; lastKnownFileType = sourcecode.c.h; path = GC3D.h; sourceTree = "<group>"; };
		AF62375C23991149008C76BA /* output.h */ = {isa = PBXFileReference; fileEncoding = 4; lastKnownFileType = sourcecode.c.h; path = output.h; sourceTree = "<group>"; };
		AF62375D23991149008C76BA /* vector3d.cpp */ = {isa = PBXFileReference; fileEncoding = 4; lastKnownFileType = sourcecode.cpp.cpp; path = vector3d.cpp; sourceTree = "<group>"; };
		AF62375E23991149008C76BA /* bcr.cpp */ = {isa = PBXFileReference; fileEncoding = 4; lastKnownFileType = sourcecode.cpp.cpp; path = bcr.cpp; sourceTree = "<group>"; };
		AF62375F23991149008C76BA /* trackball.cpp */ = {isa = PBXFileReference; fileEncoding = 4; lastKnownFileType = sourcecode.cpp.cpp; path = trackball.cpp; sourceTree = "<group>"; };
		AF62376023991149008C76BA /* vector3d.h */ = {isa = PBXFileReference; fileEncoding = 4; lastKnownFileType = sourcecode.c.h; path = vector3d.h; sourceTree = "<group>"; };
		AF62376123991149008C76BA /* output.cpp */ = {isa = PBXFileReference; fileEncoding = 4; lastKnownFileType = sourcecode.cpp.cpp; path = output.cpp; sourceTree = "<group>"; };
		AF62376223991149008C76BA /* network.cpp */ = {isa = PBXFileReference; fileEncoding = 4; lastKnownFileType = sourcecode.cpp.cpp; path = network.cpp; sourceTree = "<group>"; };
		AF62376323991149008C76BA /* bcr.h */ = {isa = PBXFileReference; fileEncoding = 4; lastKnownFileType = sourcecode.c.h; path = bcr.h; sourceTree = "<group>"; };
		AF62376423991149008C76BA /* events.cpp */ = {isa = PBXFileReference; fileEncoding = 4; lastKnownFileType = sourcecode.cpp.cpp; path = events.cpp; sourceTree = "<group>"; };
		AF62376523991149008C76BA /* parameters.cpp */ = {isa = PBXFileReference; fileEncoding = 4; lastKnownFileType = sourcecode.cpp.cpp; path = parameters.cpp; sourceTree = "<group>"; };
		AF62376723991149008C76BA /* dynarray.h */ = {isa = PBXFileReference; fileEncoding = 4; lastKnownFileType = sourcecode.c.h; path = dynarray.h; sourceTree = "<group>"; };
		AF62376823991149008C76BA /* setparam.h */ = {isa = PBXFileReference; fileEncoding = 4; lastKnownFileType = sourcecode.c.h; path = setparam.h; sourceTree = "<group>"; };
		AF62376923991149008C76BA /* mafalda.cpp */ = {isa = PBXFileReference; fileEncoding = 4; lastKnownFileType = sourcecode.cpp.cpp; path = mafalda.cpp; sourceTree = "<group>"; };
		AF62376A23991149008C76BA /* parameters.h */ = {isa = PBXFileReference; fileEncoding = 4; lastKnownFileType = sourcecode.c.h; path = parameters.h; sourceTree = "<group>"; };
		AF62376B23991149008C76BA /* cell.h */ = {isa = PBXFileReference; fileEncoding = 4; lastKnownFileType = sourcecode.c.h; path = cell.h; sourceTree = "<group>"; };
		AF62376C23991149008C76BA /* random.cpp */ = {isa = PBXFileReference; fileEncoding = 4; lastKnownFileType = sourcecode.cpp.cpp; path = random.cpp; sourceTree = "<group>"; };
		AF62376D23991149008C76BA /* odesolver.h */ = {isa = PBXFileReference; fileEncoding = 4; lastKnownFileType = sourcecode.c.h; path = odesolver.h; sourceTree = "<group>"; };
		AF62376E23991149008C76BA /* chemokines3d.h */ = {isa = PBXFileReference; fileEncoding = 4; lastKnownFileType = sourcecode.c.h; path = chemokines3d.h; sourceTree = "<group>"; };
		AF62376F23991149008C76BA /* setparam.cpp */ = {isa = PBXFileReference; fileEncoding = 4; lastKnownFileType = sourcecode.cpp.cpp; name = setparam.cpp; path = ../../src/setparam.cpp; sourceTree = "<group>"; };
		AF6237712399114A008C76BA /* trackball.h */ = {isa = PBXFileReference; fileEncoding = 4; lastKnownFileType = sourcecode.c.h; path = trackball.h; sourceTree = "<group>"; };
		AF6237722399114A008C76BA /* odesolver.cpp */ = {isa = PBXFileReference; fileEncoding = 4; lastKnownFileType = sourcecode.cpp.cpp; path = odesolver.cpp; sourceTree = "<group>"; };
		AF6237732399114A008C76BA /* cell.cpp */ = {isa = PBXFileReference; fileEncoding = 4; lastKnownFileType = sourcecode.cpp.cpp; path = cell.cpp; sourceTree = "<group>"; };
		AF6237742399114A008C76BA /* main.h */ = {isa = PBXFileReference; fileEncoding = 4; lastKnownFileType = sourcecode.c.h; path = main.h; sourceTree = "<group>"; };
		AF6237752399114A008C76BA /* mafalda.h */ = {isa = PBXFileReference; fileEncoding = 4; lastKnownFileType = sourcecode.c.h; path = mafalda.h; sourceTree = "<group>"; };
		AF6237762399114A008C76BA /* network.h */ = {isa = PBXFileReference; fileEncoding = 4; lastKnownFileType = sourcecode.c.h; path = network.h; sourceTree = "<group>"; };
		AF6237772399114A008C76BA /* events.h */ = {isa = PBXFileReference; fileEncoding = 4; lastKnownFileType = sourcecode.c.h; path = events.h; sourceTree = "<group>"; };
		AF6237782399114A008C76BA /* dynarray.h */ = {isa = PBXFileReference; fileEncoding = 4; lastKnownFileType = sourcecode.c.h; name = dynarray.h; path = ../../src/linkHyphasma/dynarray.h; sourceTree = "<group>"; };
		AF6237792399114A008C76BA /* main.cpp */ = {isa = PBXFileReference; fileEncoding = 4; lastKnownFileType = sourcecode.cpp.cpp; path = main.cpp; sourceTree = "<group>"; };
/* End PBXFileReference section */

/* Begin PBXFrameworksBuildPhase section */
		AF623749239910CF008C76BA /* Frameworks */ = {
			isa = PBXFrameworksBuildPhase;
			buildActionMask = 2147483647;
			files = (
			);
			runOnlyForDeploymentPostprocessing = 0;
		};
/* End PBXFrameworksBuildPhase section */

/* Begin PBXGroup section */
		AF623743239910CF008C76BA = {
			isa = PBXGroup;
			children = (
				AF62375E23991149008C76BA /* bcr.cpp */,
				AF62376323991149008C76BA /* bcr.h */,
				AF6237732399114A008C76BA /* cell.cpp */,
				AF62376B23991149008C76BA /* cell.h */,
				AF62375623991149008C76BA /* chemokines3D.cpp */,
				AF62376E23991149008C76BA /* chemokines3d.h */,
				AF6237782399114A008C76BA /* dynarray.h */,
				AF62376723991149008C76BA /* dynarray.h */,
				AF62376423991149008C76BA /* events.cpp */,
				AF6237772399114A008C76BA /* events.h */,
				AF62375823991149008C76BA /* GC3D.cpp */,
				AF62375B23991149008C76BA /* GC3D.h */,
				AF62375723991149008C76BA /* lattice.cpp */,
				AF62375923991149008C76BA /* lattice.h */,
				AF62376923991149008C76BA /* mafalda.cpp */,
				AF6237752399114A008C76BA /* mafalda.h */,
				AF6237792399114A008C76BA /* main.cpp */,
				AF6237742399114A008C76BA /* main.h */,
				AF62376223991149008C76BA /* network.cpp */,
				AF6237762399114A008C76BA /* network.h */,
				AF6237722399114A008C76BA /* odesolver.cpp */,
				AF62376D23991149008C76BA /* odesolver.h */,
				AF62376123991149008C76BA /* output.cpp */,
				AF62375C23991149008C76BA /* output.h */,
				AF62376523991149008C76BA /* parameters.cpp */,
				AF62376A23991149008C76BA /* parameters.h */,
				AF62376C23991149008C76BA /* random.cpp */,
				AF62375A23991149008C76BA /* random.h */,
				AF62376F23991149008C76BA /* setparam.cpp */,
				AF62376823991149008C76BA /* setparam.h */,
				AF62375F23991149008C76BA /* trackball.cpp */,
				AF6237712399114A008C76BA /* trackball.h */,
				AF62375D23991149008C76BA /* vector3d.cpp */,
				AF62376023991149008C76BA /* vector3d.h */,
				AF62374E239910CF008C76BA /* Mafalda_new */,
				AF62374D239910CF008C76BA /* Products */,
			);
			sourceTree = "<group>";
		};
		AF62374D239910CF008C76BA /* Products */ = {
			isa = PBXGroup;
			children = (
				AF62374C239910CF008C76BA /* Mafalda_new */,
			);
			name = Products;
			sourceTree = "<group>";
		};
		AF62374E239910CF008C76BA /* Mafalda_new */ = {
			isa = PBXGroup;
			children = (
			);
			path = Mafalda_new;
			sourceTree = "<group>";
		};
/* End PBXGroup section */

/* Begin PBXNativeTarget section */
		AF62374B239910CF008C76BA /* Mafalda_new */ = {
			isa = PBXNativeTarget;
			buildConfigurationList = AF623753239910CF008C76BA /* Build configuration list for PBXNativeTarget "Mafalda_new" */;
			buildPhases = (
				AF623748239910CF008C76BA /* Sources */,
				AF623749239910CF008C76BA /* Frameworks */,
				AF62374A239910CF008C76BA /* CopyFiles */,
			);
			buildRules = (
			);
			dependencies = (
			);
			name = Mafalda_new;
			productName = Mafalda_new;
			productReference = AF62374C239910CF008C76BA /* Mafalda_new */;
			productType = "com.apple.product-type.tool";
		};
/* End PBXNativeTarget section */

/* Begin PBXProject section */
		AF623744239910CF008C76BA /* Project object */ = {
			isa = PBXProject;
			attributes = {
				LastUpgradeCheck = 1160;
				ORGANIZATIONNAME = "Elena Merino Tejero";
				TargetAttributes = {
					AF62374B239910CF008C76BA = {
						CreatedOnToolsVersion = 11.2.1;
					};
				};
			};
			buildConfigurationList = AF623747239910CF008C76BA /* Build configuration list for PBXProject "Mafalda_new" */;
			compatibilityVersion = "Xcode 9.3";
			developmentRegion = en;
			hasScannedForEncodings = 0;
			knownRegions = (
				en,
				Base,
			);
			mainGroup = AF623743239910CF008C76BA;
			productRefGroup = AF62374D239910CF008C76BA /* Products */;
			projectDirPath = "";
			projectRoot = "";
			targets = (
				AF62374B239910CF008C76BA /* Mafalda_new */,
			);
		};
/* End PBXProject section */

/* Begin PBXSourcesBuildPhase section */
		AF623748239910CF008C76BA /* Sources */ = {
			isa = PBXSourcesBuildPhase;
			buildActionMask = 2147483647;
			files = (
				AF6237822399114A008C76BA /* events.cpp in Sources */,
				AF6237882399114A008C76BA /* odesolver.cpp in Sources */,
				AF62378A2399114A008C76BA /* main.cpp in Sources */,
				AF6237852399114A008C76BA /* mafalda.cpp in Sources */,
				AF6237862399114A008C76BA /* random.cpp in Sources */,
				AF62377F2399114A008C76BA /* trackball.cpp in Sources */,
				AF62377B2399114A008C76BA /* lattice.cpp in Sources */,
				AF62377A2399114A008C76BA /* chemokines3D.cpp in Sources */,
				AF6237892399114A008C76BA /* cell.cpp in Sources */,
				AF62377C2399114A008C76BA /* GC3D.cpp in Sources */,
				AF6237832399114A008C76BA /* parameters.cpp in Sources */,
				AF6237872399114A008C76BA /* setparam.cpp in Sources */,
				AF6237802399114A008C76BA /* output.cpp in Sources */,
				AF62377E2399114A008C76BA /* bcr.cpp in Sources */,
				AF62377D2399114A008C76BA /* vector3d.cpp in Sources */,
				AF6237812399114A008C76BA /* network.cpp in Sources */,
			);
			runOnlyForDeploymentPostprocessing = 0;
		};
/* End PBXSourcesBuildPhase section */

/* Begin XCBuildConfiguration section */
		AF623751239910CF008C76BA /* Debug */ = {
			isa = XCBuildConfiguration;
			buildSettings = {
				ALWAYS_SEARCH_USER_PATHS = NO;
				CLANG_ANALYZER_NONNULL = YES;
				CLANG_ANALYZER_NUMBER_OBJECT_CONVERSION = YES_AGGRESSIVE;
				CLANG_CXX_LANGUAGE_STANDARD = "gnu++14";
				CLANG_CXX_LIBRARY = "libc++";
				CLANG_ENABLE_MODULES = YES;
				CLANG_ENABLE_OBJC_ARC = YES;
				CLANG_ENABLE_OBJC_WEAK = YES;
				CLANG_WARN_BLOCK_CAPTURE_AUTORELEASING = YES;
				CLANG_WARN_BOOL_CONVERSION = YES;
				CLANG_WARN_COMMA = YES;
				CLANG_WARN_CONSTANT_CONVERSION = YES;
				CLANG_WARN_DEPRECATED_OBJC_IMPLEMENTATIONS = YES;
				CLANG_WARN_DIRECT_OBJC_ISA_USAGE = YES_ERROR;
				CLANG_WARN_DOCUMENTATION_COMMENTS = YES;
				CLANG_WARN_EMPTY_BODY = YES;
				CLANG_WARN_ENUM_CONVERSION = YES;
				CLANG_WARN_INFINITE_RECURSION = YES;
				CLANG_WARN_INT_CONVERSION = YES;
				CLANG_WARN_NON_LITERAL_NULL_CONVERSION = YES;
				CLANG_WARN_OBJC_IMPLICIT_RETAIN_SELF = YES;
				CLANG_WARN_OBJC_LITERAL_CONVERSION = YES;
				CLANG_WARN_OBJC_ROOT_CLASS = YES_ERROR;
				CLANG_WARN_RANGE_LOOP_ANALYSIS = YES;
				CLANG_WARN_STRICT_PROTOTYPES = YES;
				CLANG_WARN_SUSPICIOUS_MOVE = YES;
				CLANG_WARN_UNGUARDED_AVAILABILITY = YES_AGGRESSIVE;
				CLANG_WARN_UNREACHABLE_CODE = YES;
				CLANG_WARN__DUPLICATE_METHOD_MATCH = YES;
				COPY_PHASE_STRIP = NO;
				DEBUG_INFORMATION_FORMAT = dwarf;
				ENABLE_STRICT_OBJC_MSGSEND = YES;
				ENABLE_TESTABILITY = YES;
				GCC_C_LANGUAGE_STANDARD = gnu11;
				GCC_DYNAMIC_NO_PIC = NO;
				GCC_NO_COMMON_BLOCKS = YES;
				GCC_OPTIMIZATION_LEVEL = 0;
				GCC_PREPROCESSOR_DEFINITIONS = (
					"DEBUG=1",
					"$(inherited)",
				);
				GCC_WARN_64_TO_32_BIT_CONVERSION = YES;
				GCC_WARN_ABOUT_RETURN_TYPE = YES_ERROR;
				GCC_WARN_UNDECLARED_SELECTOR = YES;
				GCC_WARN_UNINITIALIZED_AUTOS = YES_AGGRESSIVE;
				GCC_WARN_UNUSED_FUNCTION = YES;
				GCC_WARN_UNUSED_VARIABLE = YES;
				MACOSX_DEPLOYMENT_TARGET = 10.15;
				MTL_ENABLE_DEBUG_INFO = INCLUDE_SOURCE;
				MTL_FAST_MATH = YES;
				ONLY_ACTIVE_ARCH = YES;
				SDKROOT = macosx;
			};
			name = Debug;
		};
		AF623752239910CF008C76BA /* Release */ = {
			isa = XCBuildConfiguration;
			buildSettings = {
				ALWAYS_SEARCH_USER_PATHS = NO;
				CLANG_ANALYZER_NONNULL = YES;
				CLANG_ANALYZER_NUMBER_OBJECT_CONVERSION = YES_AGGRESSIVE;
				CLANG_CXX_LANGUAGE_STANDARD = "gnu++14";
				CLANG_CXX_LIBRARY = "libc++";
				CLANG_ENABLE_MODULES = YES;
				CLANG_ENABLE_OBJC_ARC = YES;
				CLANG_ENABLE_OBJC_WEAK = YES;
				CLANG_WARN_BLOCK_CAPTURE_AUTORELEASING = YES;
				CLANG_WARN_BOOL_CONVERSION = YES;
				CLANG_WARN_COMMA = YES;
				CLANG_WARN_CONSTANT_CONVERSION = YES;
				CLANG_WARN_DEPRECATED_OBJC_IMPLEMENTATIONS = YES;
				CLANG_WARN_DIRECT_OBJC_ISA_USAGE = YES_ERROR;
				CLANG_WARN_DOCUMENTATION_COMMENTS = YES;
				CLANG_WARN_EMPTY_BODY = YES;
				CLANG_WARN_ENUM_CONVERSION = YES;
				CLANG_WARN_INFINITE_RECURSION = YES;
				CLANG_WARN_INT_CONVERSION = YES;
				CLANG_WARN_NON_LITERAL_NULL_CONVERSION = YES;
				CLANG_WARN_OBJC_IMPLICIT_RETAIN_SELF = YES;
				CLANG_WARN_OBJC_LITERAL_CONVERSION = YES;
				CLANG_WARN_OBJC_ROOT_CLASS = YES_ERROR;
				CLANG_WARN_RANGE_LOOP_ANALYSIS = YES;
				CLANG_WARN_STRICT_PROTOTYPES = YES;
				CLANG_WARN_SUSPICIOUS_MOVE = YES;
				CLANG_WARN_UNGUARDED_AVAILABILITY = YES_AGGRESSIVE;
				CLANG_WARN_UNREACHABLE_CODE = YES;
				CLANG_WARN__DUPLICATE_METHOD_MATCH = YES;
				COPY_PHASE_STRIP = NO;
				DEBUG_INFORMATION_FORMAT = "dwarf-with-dsym";
				ENABLE_NS_ASSERTIONS = NO;
				ENABLE_STRICT_OBJC_MSGSEND = YES;
				GCC_C_LANGUAGE_STANDARD = gnu11;
				GCC_NO_COMMON_BLOCKS = YES;
				GCC_WARN_64_TO_32_BIT_CONVERSION = YES;
				GCC_WARN_ABOUT_RETURN_TYPE = YES_ERROR;
				GCC_WARN_UNDECLARED_SELECTOR = YES;
				GCC_WARN_UNINITIALIZED_AUTOS = YES_AGGRESSIVE;
				GCC_WARN_UNUSED_FUNCTION = YES;
				GCC_WARN_UNUSED_VARIABLE = YES;
				MACOSX_DEPLOYMENT_TARGET = 10.15;
				MTL_ENABLE_DEBUG_INFO = NO;
				MTL_FAST_MATH = YES;
				SDKROOT = macosx;
			};
			name = Release;
		};
		AF623754239910CF008C76BA /* Debug */ = {
			isa = XCBuildConfiguration;
			buildSettings = {
				CODE_SIGN_IDENTITY = "-";
				CODE_SIGN_STYLE = Automatic;
				DEVELOPMENT_TEAM = G73J9A65V4;
				ENABLE_HARDENED_RUNTIME = YES;
				PRODUCT_NAME = "$(TARGET_NAME)";
			};
			name = Debug;
		};
		AF623755239910CF008C76BA /* Release */ = {
			isa = XCBuildConfiguration;
			buildSettings = {
				CODE_SIGN_IDENTITY = "-";
				CODE_SIGN_STYLE = Automatic;
				DEVELOPMENT_TEAM = G73J9A65V4;
				ENABLE_HARDENED_RUNTIME = YES;
				PRODUCT_NAME = "$(TARGET_NAME)";
			};
			name = Release;
		};
/* End XCBuildConfiguration section */

/* Begin XCConfigurationList section */
		AF623747239910CF008C76BA /* Build configuration list for PBXProject "Mafalda_new" */ = {
			isa = XCConfigurationList;
			buildConfigurations = (
				AF623751239910CF008C76BA /* Debug */,
				AF623752239910CF008C76BA /* Release */,
			);
			defaultConfigurationIsVisible = 0;
			defaultConfigurationName = Release;
		};
		AF623753239910CF008C76BA /* Build configuration list for PBXNativeTarget "Mafalda_new" */ = {
			isa = XCConfigurationList;
			buildConfigurations = (
				AF623754239910CF008C76BA /* Debug */,
				AF623755239910CF008C76BA /* Release */,
			);
			defaultConfigurationIsVisible = 0;
			defaultConfigurationName = Release;
		};
/* End XCConfigurationList section */
	};
	rootObject = AF623744239910CF008C76BA /* Project object */;
}
